// !$*UTF8*$!
{
	archiveVersion = 1;
	classes = {
	};
	objectVersion = 56;
	objects = {

/* Begin PBXBuildFile section */
		B5B086772C2153BC0083788A /* AppDelegate.swift in Sources */ = {isa = PBXBuildFile; fileRef = B5B086762C2153BC0083788A /* AppDelegate.swift */; };
		B5B086792C2153BC0083788A /* SceneDelegate.swift in Sources */ = {isa = PBXBuildFile; fileRef = B5B086782C2153BC0083788A /* SceneDelegate.swift */; };
		B5B0867B2C2153BC0083788A /* ViewController.swift in Sources */ = {isa = PBXBuildFile; fileRef = B5B0867A2C2153BC0083788A /* ViewController.swift */; };
		B5B0867E2C2153BC0083788A /* Main.storyboard in Resources */ = {isa = PBXBuildFile; fileRef = B5B0867C2C2153BC0083788A /* Main.storyboard */; };
		B5B086802C2153BF0083788A /* Assets.xcassets in Resources */ = {isa = PBXBuildFile; fileRef = B5B0867F2C2153BF0083788A /* Assets.xcassets */; };
		B5B086832C2153BF0083788A /* LaunchScreen.storyboard in Resources */ = {isa = PBXBuildFile; fileRef = B5B086812C2153BF0083788A /* LaunchScreen.storyboard */; };
		B5B0868E2C2153BF0083788A /* DemoTests.swift in Sources */ = {isa = PBXBuildFile; fileRef = B5B0868D2C2153BF0083788A /* DemoTests.swift */; };
		B5B086982C2153BF0083788A /* DemoUITests.swift in Sources */ = {isa = PBXBuildFile; fileRef = B5B086972C2153BF0083788A /* DemoUITests.swift */; };
		B5B0869A2C2153BF0083788A /* DemoUITestsLaunchTests.swift in Sources */ = {isa = PBXBuildFile; fileRef = B5B086992C2153BF0083788A /* DemoUITestsLaunchTests.swift */; };
		B5B086A72C21563C0083788A /* ViewModel.swift in Sources */ = {isa = PBXBuildFile; fileRef = B5B086A62C21563C0083788A /* ViewModel.swift */; };
		B5B086A92C21565B0083788A /* Model.swift in Sources */ = {isa = PBXBuildFile; fileRef = B5B086A82C21565B0083788A /* Model.swift */; };
		B5B086AB2C2158020083788A /* Storage.swift in Sources */ = {isa = PBXBuildFile; fileRef = B5B086AA2C2158020083788A /* Storage.swift */; };
		B5B086EE2C2178080083788A /* MathStuff.swift in Sources */ = {isa = PBXBuildFile; fileRef = B5B086ED2C2178080083788A /* MathStuff.swift */; };
/* End PBXBuildFile section */

/* Begin PBXContainerItemProxy section */
		B5B0868A2C2153BF0083788A /* PBXContainerItemProxy */ = {
			isa = PBXContainerItemProxy;
			containerPortal = B5B0866B2C2153BC0083788A /* Project object */;
			proxyType = 1;
			remoteGlobalIDString = B5B086722C2153BC0083788A;
			remoteInfo = Demo;
		};
		B5B086942C2153BF0083788A /* PBXContainerItemProxy */ = {
			isa = PBXContainerItemProxy;
			containerPortal = B5B0866B2C2153BC0083788A /* Project object */;
			proxyType = 1;
			remoteGlobalIDString = B5B086722C2153BC0083788A;
			remoteInfo = Demo;
		};
/* End PBXContainerItemProxy section */

/* Begin PBXFileReference section */
		B5B086732C2153BC0083788A /* Demo.app */ = {isa = PBXFileReference; explicitFileType = wrapper.application; includeInIndex = 0; path = Demo.app; sourceTree = BUILT_PRODUCTS_DIR; };
		B5B086762C2153BC0083788A /* AppDelegate.swift */ = {isa = PBXFileReference; lastKnownFileType = sourcecode.swift; path = AppDelegate.swift; sourceTree = "<group>"; };
		B5B086782C2153BC0083788A /* SceneDelegate.swift */ = {isa = PBXFileReference; lastKnownFileType = sourcecode.swift; path = SceneDelegate.swift; sourceTree = "<group>"; };
		B5B0867A2C2153BC0083788A /* ViewController.swift */ = {isa = PBXFileReference; lastKnownFileType = sourcecode.swift; path = ViewController.swift; sourceTree = "<group>"; };
		B5B0867D2C2153BC0083788A /* Base */ = {isa = PBXFileReference; lastKnownFileType = file.storyboard; name = Base; path = Base.lproj/Main.storyboard; sourceTree = "<group>"; };
		B5B0867F2C2153BF0083788A /* Assets.xcassets */ = {isa = PBXFileReference; lastKnownFileType = folder.assetcatalog; path = Assets.xcassets; sourceTree = "<group>"; };
		B5B086822C2153BF0083788A /* Base */ = {isa = PBXFileReference; lastKnownFileType = file.storyboard; name = Base; path = Base.lproj/LaunchScreen.storyboard; sourceTree = "<group>"; };
		B5B086842C2153BF0083788A /* Info.plist */ = {isa = PBXFileReference; lastKnownFileType = text.plist.xml; path = Info.plist; sourceTree = "<group>"; };
		B5B086892C2153BF0083788A /* DemoTests.xctest */ = {isa = PBXFileReference; explicitFileType = wrapper.cfbundle; includeInIndex = 0; path = DemoTests.xctest; sourceTree = BUILT_PRODUCTS_DIR; };
		B5B0868D2C2153BF0083788A /* DemoTests.swift */ = {isa = PBXFileReference; lastKnownFileType = sourcecode.swift; path = DemoTests.swift; sourceTree = "<group>"; };
		B5B086932C2153BF0083788A /* DemoUITests.xctest */ = {isa = PBXFileReference; explicitFileType = wrapper.cfbundle; includeInIndex = 0; path = DemoUITests.xctest; sourceTree = BUILT_PRODUCTS_DIR; };
		B5B086972C2153BF0083788A /* DemoUITests.swift */ = {isa = PBXFileReference; lastKnownFileType = sourcecode.swift; path = DemoUITests.swift; sourceTree = "<group>"; };
		B5B086992C2153BF0083788A /* DemoUITestsLaunchTests.swift */ = {isa = PBXFileReference; lastKnownFileType = sourcecode.swift; path = DemoUITestsLaunchTests.swift; sourceTree = "<group>"; };
		B5B086A62C21563C0083788A /* ViewModel.swift */ = {isa = PBXFileReference; lastKnownFileType = sourcecode.swift; path = ViewModel.swift; sourceTree = "<group>"; };
		B5B086A82C21565B0083788A /* Model.swift */ = {isa = PBXFileReference; lastKnownFileType = sourcecode.swift; path = Model.swift; sourceTree = "<group>"; };
		B5B086AA2C2158020083788A /* Storage.swift */ = {isa = PBXFileReference; lastKnownFileType = sourcecode.swift; path = Storage.swift; sourceTree = "<group>"; };
		B5B086ED2C2178080083788A /* MathStuff.swift */ = {isa = PBXFileReference; lastKnownFileType = sourcecode.swift; path = MathStuff.swift; sourceTree = "<group>"; };
/* End PBXFileReference section */

/* Begin PBXFrameworksBuildPhase section */
		B5B086702C2153BC0083788A /* Frameworks */ = {
			isa = PBXFrameworksBuildPhase;
			buildActionMask = 2147483647;
			files = (
			);
			runOnlyForDeploymentPostprocessing = 0;
		};
		B5B086862C2153BF0083788A /* Frameworks */ = {
			isa = PBXFrameworksBuildPhase;
			buildActionMask = 2147483647;
			files = (
			);
			runOnlyForDeploymentPostprocessing = 0;
		};
		B5B086902C2153BF0083788A /* Frameworks */ = {
			isa = PBXFrameworksBuildPhase;
			buildActionMask = 2147483647;
			files = (
			);
			runOnlyForDeploymentPostprocessing = 0;
		};
/* End PBXFrameworksBuildPhase section */

/* Begin PBXGroup section */
		B5B0866A2C2153BC0083788A = {
			isa = PBXGroup;
			children = (
				B5B086752C2153BC0083788A /* Demo */,
				B5B0868C2C2153BF0083788A /* DemoTests */,
				B5B086962C2153BF0083788A /* DemoUITests */,
				B5B086742C2153BC0083788A /* Products */,
			);
			sourceTree = "<group>";
		};
		B5B086742C2153BC0083788A /* Products */ = {
			isa = PBXGroup;
			children = (
				B5B086732C2153BC0083788A /* Demo.app */,
				B5B086892C2153BF0083788A /* DemoTests.xctest */,
				B5B086932C2153BF0083788A /* DemoUITests.xctest */,
			);
			name = Products;
			sourceTree = "<group>";
		};
		B5B086752C2153BC0083788A /* Demo */ = {
			isa = PBXGroup;
			children = (
				B5B086762C2153BC0083788A /* AppDelegate.swift */,
				B5B086782C2153BC0083788A /* SceneDelegate.swift */,
				B5B086AA2C2158020083788A /* Storage.swift */,
				B5B086A82C21565B0083788A /* Model.swift */,
				B5B086A62C21563C0083788A /* ViewModel.swift */,
				B5B0867A2C2153BC0083788A /* ViewController.swift */,
				B5B086ED2C2178080083788A /* MathStuff.swift */,
				B5B0867C2C2153BC0083788A /* Main.storyboard */,
				B5B0867F2C2153BF0083788A /* Assets.xcassets */,
				B5B086812C2153BF0083788A /* LaunchScreen.storyboard */,
				B5B086842C2153BF0083788A /* Info.plist */,
			);
			path = Demo;
			sourceTree = "<group>";
		};
		B5B0868C2C2153BF0083788A /* DemoTests */ = {
			isa = PBXGroup;
			children = (
				B5B0868D2C2153BF0083788A /* DemoTests.swift */,
			);
			path = DemoTests;
			sourceTree = "<group>";
		};
		B5B086962C2153BF0083788A /* DemoUITests */ = {
			isa = PBXGroup;
			children = (
				B5B086972C2153BF0083788A /* DemoUITests.swift */,
				B5B086992C2153BF0083788A /* DemoUITestsLaunchTests.swift */,
			);
			path = DemoUITests;
			sourceTree = "<group>";
		};
/* End PBXGroup section */

/* Begin PBXNativeTarget section */
		B5B086722C2153BC0083788A /* Demo */ = {
			isa = PBXNativeTarget;
			buildConfigurationList = B5B0869D2C2153BF0083788A /* Build configuration list for PBXNativeTarget "Demo" */;
			buildPhases = (
				B5B0866F2C2153BC0083788A /* Sources */,
				B5B086702C2153BC0083788A /* Frameworks */,
				B5B086712C2153BC0083788A /* Resources */,
			);
			buildRules = (
			);
			dependencies = (
			);
			name = Demo;
			productName = Demo;
			productReference = B5B086732C2153BC0083788A /* Demo.app */;
			productType = "com.apple.product-type.application";
		};
		B5B086882C2153BF0083788A /* DemoTests */ = {
			isa = PBXNativeTarget;
			buildConfigurationList = B5B086A02C2153BF0083788A /* Build configuration list for PBXNativeTarget "DemoTests" */;
			buildPhases = (
				B5B086852C2153BF0083788A /* Sources */,
				B5B086862C2153BF0083788A /* Frameworks */,
				B5B086872C2153BF0083788A /* Resources */,
			);
			buildRules = (
			);
			dependencies = (
				B5B0868B2C2153BF0083788A /* PBXTargetDependency */,
			);
			name = DemoTests;
			productName = DemoTests;
			productReference = B5B086892C2153BF0083788A /* DemoTests.xctest */;
			productType = "com.apple.product-type.bundle.unit-test";
		};
		B5B086922C2153BF0083788A /* DemoUITests */ = {
			isa = PBXNativeTarget;
			buildConfigurationList = B5B086A32C2153BF0083788A /* Build configuration list for PBXNativeTarget "DemoUITests" */;
			buildPhases = (
				B5B0868F2C2153BF0083788A /* Sources */,
				B5B086902C2153BF0083788A /* Frameworks */,
				B5B086912C2153BF0083788A /* Resources */,
			);
			buildRules = (
			);
			dependencies = (
				B5B086952C2153BF0083788A /* PBXTargetDependency */,
			);
			name = DemoUITests;
			productName = DemoUITests;
			productReference = B5B086932C2153BF0083788A /* DemoUITests.xctest */;
			productType = "com.apple.product-type.bundle.ui-testing";
		};
/* End PBXNativeTarget section */

/* Begin PBXProject section */
		B5B0866B2C2153BC0083788A /* Project object */ = {
			isa = PBXProject;
			attributes = {
				BuildIndependentTargetsInParallel = 1;
				LastSwiftUpdateCheck = 1430;
				LastUpgradeCheck = 1430;
				TargetAttributes = {
					B5B086722C2153BC0083788A = {
						CreatedOnToolsVersion = 14.3;
					};
					B5B086882C2153BF0083788A = {
						CreatedOnToolsVersion = 14.3;
						TestTargetID = B5B086722C2153BC0083788A;
					};
					B5B086922C2153BF0083788A = {
						CreatedOnToolsVersion = 14.3;
						TestTargetID = B5B086722C2153BC0083788A;
					};
				};
			};
			buildConfigurationList = B5B0866E2C2153BC0083788A /* Build configuration list for PBXProject "Demo" */;
			compatibilityVersion = "Xcode 14.0";
			developmentRegion = en;
			hasScannedForEncodings = 0;
			knownRegions = (
				en,
				Base,
			);
			mainGroup = B5B0866A2C2153BC0083788A;
			productRefGroup = B5B086742C2153BC0083788A /* Products */;
			projectDirPath = "";
			projectRoot = "";
			targets = (
				B5B086722C2153BC0083788A /* Demo */,
				B5B086882C2153BF0083788A /* DemoTests */,
				B5B086922C2153BF0083788A /* DemoUITests */,
			);
		};
/* End PBXProject section */

/* Begin PBXResourcesBuildPhase section */
		B5B086712C2153BC0083788A /* Resources */ = {
			isa = PBXResourcesBuildPhase;
			buildActionMask = 2147483647;
			files = (
				B5B086832C2153BF0083788A /* LaunchScreen.storyboard in Resources */,
				B5B086802C2153BF0083788A /* Assets.xcassets in Resources */,
				B5B0867E2C2153BC0083788A /* Main.storyboard in Resources */,
			);
			runOnlyForDeploymentPostprocessing = 0;
		};
		B5B086872C2153BF0083788A /* Resources */ = {
			isa = PBXResourcesBuildPhase;
			buildActionMask = 2147483647;
			files = (
			);
			runOnlyForDeploymentPostprocessing = 0;
		};
		B5B086912C2153BF0083788A /* Resources */ = {
			isa = PBXResourcesBuildPhase;
			buildActionMask = 2147483647;
			files = (
			);
			runOnlyForDeploymentPostprocessing = 0;
		};
/* End PBXResourcesBuildPhase section */

/* Begin PBXSourcesBuildPhase section */
		B5B0866F2C2153BC0083788A /* Sources */ = {
			isa = PBXSourcesBuildPhase;
			buildActionMask = 2147483647;
			files = (
				B5B086EE2C2178080083788A /* MathStuff.swift in Sources */,
				B5B086A92C21565B0083788A /* Model.swift in Sources */,
				B5B0867B2C2153BC0083788A /* ViewController.swift in Sources */,
				B5B086772C2153BC0083788A /* AppDelegate.swift in Sources */,
				B5B086A72C21563C0083788A /* ViewModel.swift in Sources */,
				B5B086792C2153BC0083788A /* SceneDelegate.swift in Sources */,
				B5B086AB2C2158020083788A /* Storage.swift in Sources */,
			);
			runOnlyForDeploymentPostprocessing = 0;
		};
		B5B086852C2153BF0083788A /* Sources */ = {
			isa = PBXSourcesBuildPhase;
			buildActionMask = 2147483647;
			files = (
				B5B0868E2C2153BF0083788A /* DemoTests.swift in Sources */,
			);
			runOnlyForDeploymentPostprocessing = 0;
		};
		B5B0868F2C2153BF0083788A /* Sources */ = {
			isa = PBXSourcesBuildPhase;
			buildActionMask = 2147483647;
			files = (
				B5B086982C2153BF0083788A /* DemoUITests.swift in Sources */,
				B5B0869A2C2153BF0083788A /* DemoUITestsLaunchTests.swift in Sources */,
			);
			runOnlyForDeploymentPostprocessing = 0;
		};
/* End PBXSourcesBuildPhase section */

/* Begin PBXTargetDependency section */
		B5B0868B2C2153BF0083788A /* PBXTargetDependency */ = {
			isa = PBXTargetDependency;
			target = B5B086722C2153BC0083788A /* Demo */;
			targetProxy = B5B0868A2C2153BF0083788A /* PBXContainerItemProxy */;
		};
		B5B086952C2153BF0083788A /* PBXTargetDependency */ = {
			isa = PBXTargetDependency;
			target = B5B086722C2153BC0083788A /* Demo */;
			targetProxy = B5B086942C2153BF0083788A /* PBXContainerItemProxy */;
		};
/* End PBXTargetDependency section */

/* Begin PBXVariantGroup section */
		B5B0867C2C2153BC0083788A /* Main.storyboard */ = {
			isa = PBXVariantGroup;
			children = (
				B5B0867D2C2153BC0083788A /* Base */,
			);
			name = Main.storyboard;
			sourceTree = "<group>";
		};
		B5B086812C2153BF0083788A /* LaunchScreen.storyboard */ = {
			isa = PBXVariantGroup;
			children = (
				B5B086822C2153BF0083788A /* Base */,
			);
			name = LaunchScreen.storyboard;
			sourceTree = "<group>";
		};
/* End PBXVariantGroup section */

/* Begin XCBuildConfiguration section */
		B5B0869B2C2153BF0083788A /* Debug */ = {
			isa = XCBuildConfiguration;
			buildSettings = {
				ALWAYS_SEARCH_USER_PATHS = NO;
				CLANG_ANALYZER_NONNULL = YES;
				CLANG_ANALYZER_NUMBER_OBJECT_CONVERSION = YES_AGGRESSIVE;
				CLANG_CXX_LANGUAGE_STANDARD = "gnu++20";
				CLANG_ENABLE_MODULES = YES;
				CLANG_ENABLE_OBJC_ARC = YES;
				CLANG_ENABLE_OBJC_WEAK = YES;
				CLANG_WARN_BLOCK_CAPTURE_AUTORELEASING = YES;
				CLANG_WARN_BOOL_CONVERSION = YES;
				CLANG_WARN_COMMA = YES;
				CLANG_WARN_CONSTANT_CONVERSION = YES;
				CLANG_WARN_DEPRECATED_OBJC_IMPLEMENTATIONS = YES;
				CLANG_WARN_DIRECT_OBJC_ISA_USAGE = YES_ERROR;
				CLANG_WARN_DOCUMENTATION_COMMENTS = YES;
				CLANG_WARN_EMPTY_BODY = YES;
				CLANG_WARN_ENUM_CONVERSION = YES;
				CLANG_WARN_INFINITE_RECURSION = YES;
				CLANG_WARN_INT_CONVERSION = YES;
				CLANG_WARN_NON_LITERAL_NULL_CONVERSION = YES;
				CLANG_WARN_OBJC_IMPLICIT_RETAIN_SELF = YES;
				CLANG_WARN_OBJC_LITERAL_CONVERSION = YES;
				CLANG_WARN_OBJC_ROOT_CLASS = YES_ERROR;
				CLANG_WARN_QUOTED_INCLUDE_IN_FRAMEWORK_HEADER = YES;
				CLANG_WARN_RANGE_LOOP_ANALYSIS = YES;
				CLANG_WARN_STRICT_PROTOTYPES = YES;
				CLANG_WARN_SUSPICIOUS_MOVE = YES;
				CLANG_WARN_UNGUARDED_AVAILABILITY = YES_AGGRESSIVE;
				CLANG_WARN_UNREACHABLE_CODE = YES;
				CLANG_WARN__DUPLICATE_METHOD_MATCH = YES;
				COPY_PHASE_STRIP = NO;
				DEBUG_INFORMATION_FORMAT = dwarf;
				ENABLE_STRICT_OBJC_MSGSEND = YES;
				ENABLE_TESTABILITY = YES;
				GCC_C_LANGUAGE_STANDARD = gnu11;
				GCC_DYNAMIC_NO_PIC = NO;
				GCC_NO_COMMON_BLOCKS = YES;
				GCC_OPTIMIZATION_LEVEL = 0;
				GCC_PREPROCESSOR_DEFINITIONS = (
					"DEBUG=1",
					"$(inherited)",
				);
				GCC_WARN_64_TO_32_BIT_CONVERSION = YES;
				GCC_WARN_ABOUT_RETURN_TYPE = YES_ERROR;
				GCC_WARN_UNDECLARED_SELECTOR = YES;
				GCC_WARN_UNINITIALIZED_AUTOS = YES_AGGRESSIVE;
				GCC_WARN_UNUSED_FUNCTION = YES;
				GCC_WARN_UNUSED_VARIABLE = YES;
				IPHONEOS_DEPLOYMENT_TARGET = 16.4;
				MTL_ENABLE_DEBUG_INFO = INCLUDE_SOURCE;
				MTL_FAST_MATH = YES;
				ONLY_ACTIVE_ARCH = YES;
				SDKROOT = iphoneos;
				SWIFT_ACTIVE_COMPILATION_CONDITIONS = DEBUG;
				SWIFT_OPTIMIZATION_LEVEL = "-Onone";
			};
			name = Debug;
		};
		B5B0869C2C2153BF0083788A /* Release */ = {
			isa = XCBuildConfiguration;
			buildSettings = {
				ALWAYS_SEARCH_USER_PATHS = NO;
				CLANG_ANALYZER_NONNULL = YES;
				CLANG_ANALYZER_NUMBER_OBJECT_CONVERSION = YES_AGGRESSIVE;
				CLANG_CXX_LANGUAGE_STANDARD = "gnu++20";
				CLANG_ENABLE_MODULES = YES;
				CLANG_ENABLE_OBJC_ARC = YES;
				CLANG_ENABLE_OBJC_WEAK = YES;
				CLANG_WARN_BLOCK_CAPTURE_AUTORELEASING = YES;
				CLANG_WARN_BOOL_CONVERSION = YES;
				CLANG_WARN_COMMA = YES;
				CLANG_WARN_CONSTANT_CONVERSION = YES;
				CLANG_WARN_DEPRECATED_OBJC_IMPLEMENTATIONS = YES;
				CLANG_WARN_DIRECT_OBJC_ISA_USAGE = YES_ERROR;
				CLANG_WARN_DOCUMENTATION_COMMENTS = YES;
				CLANG_WARN_EMPTY_BODY = YES;
				CLANG_WARN_ENUM_CONVERSION = YES;
				CLANG_WARN_INFINITE_RECURSION = YES;
				CLANG_WARN_INT_CONVERSION = YES;
				CLANG_WARN_NON_LITERAL_NULL_CONVERSION = YES;
				CLANG_WARN_OBJC_IMPLICIT_RETAIN_SELF = YES;
				CLANG_WARN_OBJC_LITERAL_CONVERSION = YES;
				CLANG_WARN_OBJC_ROOT_CLASS = YES_ERROR;
				CLANG_WARN_QUOTED_INCLUDE_IN_FRAMEWORK_HEADER = YES;
				CLANG_WARN_RANGE_LOOP_ANALYSIS = YES;
				CLANG_WARN_STRICT_PROTOTYPES = YES;
				CLANG_WARN_SUSPICIOUS_MOVE = YES;
				CLANG_WARN_UNGUARDED_AVAILABILITY = YES_AGGRESSIVE;
				CLANG_WARN_UNREACHABLE_CODE = YES;
				CLANG_WARN__DUPLICATE_METHOD_MATCH = YES;
				COPY_PHASE_STRIP = NO;
				DEBUG_INFORMATION_FORMAT = "dwarf-with-dsym";
				ENABLE_NS_ASSERTIONS = NO;
				ENABLE_STRICT_OBJC_MSGSEND = YES;
				GCC_C_LANGUAGE_STANDARD = gnu11;
				GCC_NO_COMMON_BLOCKS = YES;
				GCC_WARN_64_TO_32_BIT_CONVERSION = YES;
				GCC_WARN_ABOUT_RETURN_TYPE = YES_ERROR;
				GCC_WARN_UNDECLARED_SELECTOR = YES;
				GCC_WARN_UNINITIALIZED_AUTOS = YES_AGGRESSIVE;
				GCC_WARN_UNUSED_FUNCTION = YES;
				GCC_WARN_UNUSED_VARIABLE = YES;
				IPHONEOS_DEPLOYMENT_TARGET = 16.4;
				MTL_ENABLE_DEBUG_INFO = NO;
				MTL_FAST_MATH = YES;
				SDKROOT = iphoneos;
				SWIFT_COMPILATION_MODE = wholemodule;
				SWIFT_OPTIMIZATION_LEVEL = "-O";
				VALIDATE_PRODUCT = YES;
			};
			name = Release;
		};
		B5B0869E2C2153BF0083788A /* Debug */ = {
			isa = XCBuildConfiguration;
			buildSettings = {
				ASSETCATALOG_COMPILER_APPICON_NAME = AppIcon;
				ASSETCATALOG_COMPILER_GLOBAL_ACCENT_COLOR_NAME = AccentColor;
				CODE_SIGN_STYLE = Automatic;
				CURRENT_PROJECT_VERSION = 1;
				GENERATE_INFOPLIST_FILE = YES;
				INFOPLIST_FILE = Demo/Info.plist;
				INFOPLIST_KEY_UIApplicationSupportsIndirectInputEvents = YES;
				INFOPLIST_KEY_UILaunchStoryboardName = LaunchScreen;
				INFOPLIST_KEY_UIMainStoryboardFile = Main;
				INFOPLIST_KEY_UISupportedInterfaceOrientations_iPad = "UIInterfaceOrientationPortrait UIInterfaceOrientationPortraitUpsideDown UIInterfaceOrientationLandscapeLeft UIInterfaceOrientationLandscapeRight";
				INFOPLIST_KEY_UISupportedInterfaceOrientations_iPhone = "UIInterfaceOrientationPortrait UIInterfaceOrientationLandscapeLeft UIInterfaceOrientationLandscapeRight";
				LD_RUNPATH_SEARCH_PATHS = (
					"$(inherited)",
					"@executable_path/Frameworks",
				);
				MARKETING_VERSION = 1.0;
				PRODUCT_BUNDLE_IDENTIFIER = com.registrationform.net.Demo;
				PRODUCT_NAME = "$(TARGET_NAME)";
				SWIFT_EMIT_LOC_STRINGS = YES;
				SWIFT_VERSION = 5.0;
				TARGETED_DEVICE_FAMILY = "1,2";
			};
			name = Debug;
		};
		B5B0869F2C2153BF0083788A /* Release */ = {
			isa = XCBuildConfiguration;
			buildSettings = {
				ASSETCATALOG_COMPILER_APPICON_NAME = AppIcon;
				ASSETCATALOG_COMPILER_GLOBAL_ACCENT_COLOR_NAME = AccentColor;
				CODE_SIGN_STYLE = Automatic;
				CURRENT_PROJECT_VERSION = 1;
				GENERATE_INFOPLIST_FILE = YES;
				INFOPLIST_FILE = Demo/Info.plist;
				INFOPLIST_KEY_UIApplicationSupportsIndirectInputEvents = YES;
				INFOPLIST_KEY_UILaunchStoryboardName = LaunchScreen;
				INFOPLIST_KEY_UIMainStoryboardFile = Main;
				INFOPLIST_KEY_UISupportedInterfaceOrientations_iPad = "UIInterfaceOrientationPortrait UIInterfaceOrientationPortraitUpsideDown UIInterfaceOrientationLandscapeLeft UIInterfaceOrientationLandscapeRight";
				INFOPLIST_KEY_UISupportedInterfaceOrientations_iPhone = "UIInterfaceOrientationPortrait UIInterfaceOrientationLandscapeLeft UIInterfaceOrientationLandscapeRight";
				LD_RUNPATH_SEARCH_PATHS = (
					"$(inherited)",
					"@executable_path/Frameworks",
				);
				MARKETING_VERSION = 1.0;
				PRODUCT_BUNDLE_IDENTIFIER = com.registrationform.net.Demo;
				PRODUCT_NAME = "$(TARGET_NAME)";
				SWIFT_EMIT_LOC_STRINGS = YES;
				SWIFT_VERSION = 5.0;
				TARGETED_DEVICE_FAMILY = "1,2";
			};
			name = Release;
		};
		B5B086A12C2153BF0083788A /* Debug */ = {
			isa = XCBuildConfiguration;
			buildSettings = {
				ALWAYS_EMBED_SWIFT_STANDARD_LIBRARIES = YES;
				BUNDLE_LOADER = "$(TEST_HOST)";
				CODE_SIGN_STYLE = Automatic;
				CURRENT_PROJECT_VERSION = 1;
				GENERATE_INFOPLIST_FILE = YES;
				IPHONEOS_DEPLOYMENT_TARGET = 16.4;
				MARKETING_VERSION = 1.0;
				PRODUCT_BUNDLE_IDENTIFIER = com.registrationform.net.DemoTests;
				PRODUCT_NAME = "$(TARGET_NAME)";
				SWIFT_EMIT_LOC_STRINGS = NO;
				SWIFT_VERSION = 5.0;
				TARGETED_DEVICE_FAMILY = "1,2";
				TEST_HOST = "$(BUILT_PRODUCTS_DIR)/Demo.app/$(BUNDLE_EXECUTABLE_FOLDER_PATH)/Demo";
			};
			name = Debug;
		};
		B5B086A22C2153BF0083788A /* Release */ = {
			isa = XCBuildConfiguration;
			buildSettings = {
				ALWAYS_EMBED_SWIFT_STANDARD_LIBRARIES = YES;
				BUNDLE_LOADER = "$(TEST_HOST)";
				CODE_SIGN_STYLE = Automatic;
				CURRENT_PROJECT_VERSION = 1;
				GENERATE_INFOPLIST_FILE = YES;
				IPHONEOS_DEPLOYMENT_TARGET = 16.4;
				MARKETING_VERSION = 1.0;
				PRODUCT_BUNDLE_IDENTIFIER = com.registrationform.net.DemoTests;
				PRODUCT_NAME = "$(TARGET_NAME)";
				SWIFT_EMIT_LOC_STRINGS = NO;
				SWIFT_VERSION = 5.0;
				TARGETED_DEVICE_FAMILY = "1,2";
				TEST_HOST = "$(BUILT_PRODUCTS_DIR)/Demo.app/$(BUNDLE_EXECUTABLE_FOLDER_PATH)/Demo";
			};
			name = Release;
		};
		B5B086A42C2153BF0083788A /* Debug */ = {
			isa = XCBuildConfiguration;
			buildSettings = {
				ALWAYS_EMBED_SWIFT_STANDARD_LIBRARIES = YES;
				CODE_SIGN_STYLE = Automatic;
				CURRENT_PROJECT_VERSION = 1;
				GENERATE_INFOPLIST_FILE = YES;
				MARKETING_VERSION = 1.0;
				PRODUCT_BUNDLE_IDENTIFIER = com.registrationform.net.DemoUITests;
				PRODUCT_NAME = "$(TARGET_NAME)";
				SWIFT_EMIT_LOC_STRINGS = NO;
				SWIFT_VERSION = 5.0;
				TARGETED_DEVICE_FAMILY = "1,2";
				TEST_TARGET_NAME = Demo;
			};
			name = Debug;
		};
		B5B086A52C2153BF0083788A /* Release */ = {
			isa = XCBuildConfiguration;
			buildSettings = {
				ALWAYS_EMBED_SWIFT_STANDARD_LIBRARIES = YES;
				CODE_SIGN_STYLE = Automatic;
				CURRENT_PROJECT_VERSION = 1;
				GENERATE_INFOPLIST_FILE = YES;
				MARKETING_VERSION = 1.0;
				PRODUCT_BUNDLE_IDENTIFIER = com.registrationform.net.DemoUITests;
				PRODUCT_NAME = "$(TARGET_NAME)";
				SWIFT_EMIT_LOC_STRINGS = NO;
				SWIFT_VERSION = 5.0;
				TARGETED_DEVICE_FAMILY = "1,2";
				TEST_TARGET_NAME = Demo;
			};
			name = Release;
		};
/* End XCBuildConfiguration section */

/* Begin XCConfigurationList section */
		B5B0866E2C2153BC0083788A /* Build configuration list for PBXProject "Demo" */ = {
			isa = XCConfigurationList;
			buildConfigurations = (
				B5B0869B2C2153BF0083788A /* Debug */,
				B5B0869C2C2153BF0083788A /* Release */,
			);
			defaultConfigurationIsVisible = 0;
			defaultConfigurationName = Release;
		};
		B5B0869D2C2153BF0083788A /* Build configuration list for PBXNativeTarget "Demo" */ = {
			isa = XCConfigurationList;
			buildConfigurations = (
				B5B0869E2C2153BF0083788A /* Debug */,
				B5B0869F2C2153BF0083788A /* Release */,
			);
			defaultConfigurationIsVisible = 0;
			defaultConfigurationName = Release;
		};
		B5B086A02C2153BF0083788A /* Build configuration list for PBXNativeTarget "DemoTests" */ = {
			isa = XCConfigurationList;
			buildConfigurations = (
				B5B086A12C2153BF0083788A /* Debug */,
				B5B086A22C2153BF0083788A /* Release */,
			);
			defaultConfigurationIsVisible = 0;
			defaultConfigurationName = Release;
		};
		B5B086A32C2153BF0083788A /* Build configuration list for PBXNativeTarget "DemoUITests" */ = {
			isa = XCConfigurationList;
			buildConfigurations = (
				B5B086A42C2153BF0083788A /* Debug */,
				B5B086A52C2153BF0083788A /* Release */,
			);
			defaultConfigurationIsVisible = 0;
			defaultConfigurationName = Release;
		};
/* End XCConfigurationList section */
	};
	rootObject = B5B0866B2C2153BC0083788A /* Project object */;
}
